// !$*UTF8*$!
{
	archiveVersion = 1;
	classes = {
	};
	objectVersion = 56;
	objects = {

/* Begin PBXBuildFile section */
		FBC3D61D2AF02AAE0025E805 /* NossoAppApp.swift in Sources */ = {isa = PBXBuildFile; fileRef = FBC3D61C2AF02AAE0025E805 /* NossoAppApp.swift */; };
		FBC3D61F2AF02AAE0025E805 /* ContentView.swift in Sources */ = {isa = PBXBuildFile; fileRef = FBC3D61E2AF02AAE0025E805 /* ContentView.swift */; };
		FBC3D6212AF02AAF0025E805 /* Assets.xcassets in Resources */ = {isa = PBXBuildFile; fileRef = FBC3D6202AF02AAF0025E805 /* Assets.xcassets */; };
		FBC3D6242AF02AAF0025E805 /* Preview Assets.xcassets in Resources */ = {isa = PBXBuildFile; fileRef = FBC3D6232AF02AAF0025E805 /* Preview Assets.xcassets */; };
		FBC3D62B2AF030AD0025E805 /* Perfil.swift in Sources */ = {isa = PBXBuildFile; fileRef = FBC3D62A2AF030AD0025E805 /* Perfil.swift */; };
		FBD2DEF62AF96F9F00C16C43 /* Sheetview.swift in Sources */ = {isa = PBXBuildFile; fileRef = FBD2DEF52AF96F9F00C16C43 /* Sheetview.swift */; };
		FBD2DEF82AF974A300C16C43 /* ImagemModel.swift in Sources */ = {isa = PBXBuildFile; fileRef = FBD2DEF72AF974A300C16C43 /* ImagemModel.swift */; };
		FBD2DEFA2AF97B8500C16C43 /* Global.swift in Sources */ = {isa = PBXBuildFile; fileRef = FBD2DEF92AF97B8500C16C43 /* Global.swift */; };
/* End PBXBuildFile section */

/* Begin PBXFileReference section */
		FBC3D6192AF02AAE0025E805 /* NossoApp.app */ = {isa = PBXFileReference; explicitFileType = wrapper.application; includeInIndex = 0; path = NossoApp.app; sourceTree = BUILT_PRODUCTS_DIR; };
		FBC3D61C2AF02AAE0025E805 /* NossoAppApp.swift */ = {isa = PBXFileReference; lastKnownFileType = sourcecode.swift; path = NossoAppApp.swift; sourceTree = "<group>"; };
		FBC3D61E2AF02AAE0025E805 /* ContentView.swift */ = {isa = PBXFileReference; lastKnownFileType = sourcecode.swift; path = ContentView.swift; sourceTree = "<group>"; };
		FBC3D6202AF02AAF0025E805 /* Assets.xcassets */ = {isa = PBXFileReference; lastKnownFileType = folder.assetcatalog; path = Assets.xcassets; sourceTree = "<group>"; };
		FBC3D6232AF02AAF0025E805 /* Preview Assets.xcassets */ = {isa = PBXFileReference; lastKnownFileType = folder.assetcatalog; path = "Preview Assets.xcassets"; sourceTree = "<group>"; };
		FBC3D62A2AF030AD0025E805 /* Perfil.swift */ = {isa = PBXFileReference; lastKnownFileType = sourcecode.swift; path = Perfil.swift; sourceTree = "<group>"; };
		FBD2DEF52AF96F9F00C16C43 /* Sheetview.swift */ = {isa = PBXFileReference; lastKnownFileType = sourcecode.swift; path = Sheetview.swift; sourceTree = "<group>"; };
		FBD2DEF72AF974A300C16C43 /* ImagemModel.swift */ = {isa = PBXFileReference; lastKnownFileType = sourcecode.swift; path = ImagemModel.swift; sourceTree = "<group>"; };
		FBD2DEF92AF97B8500C16C43 /* Global.swift */ = {isa = PBXFileReference; lastKnownFileType = sourcecode.swift; path = Global.swift; sourceTree = "<group>"; };
/* End PBXFileReference section */

/* Begin PBXFrameworksBuildPhase section */
		FBC3D6162AF02AAE0025E805 /* Frameworks */ = {
			isa = PBXFrameworksBuildPhase;
			buildActionMask = 2147483647;
			files = (
			);
			runOnlyForDeploymentPostprocessing = 0;
		};
/* End PBXFrameworksBuildPhase section */

/* Begin PBXGroup section */
		FBC3D6102AF02AAE0025E805 = {
			isa = PBXGroup;
			children = (
				FBD2DEF92AF97B8500C16C43 /* Global.swift */,
				FBC3D61B2AF02AAE0025E805 /* NossoApp */,
				FBC3D61A2AF02AAE0025E805 /* Products */,
			);
			sourceTree = "<group>";
		};
		FBC3D61A2AF02AAE0025E805 /* Products */ = {
			isa = PBXGroup;
			children = (
				FBC3D6192AF02AAE0025E805 /* NossoApp.app */,
			);
			name = Products;
			sourceTree = "<group>";
		};
		FBC3D61B2AF02AAE0025E805 /* NossoApp */ = {
			isa = PBXGroup;
			children = (
				FBC3D61C2AF02AAE0025E805 /* NossoAppApp.swift */,
				FBC3D61E2AF02AAE0025E805 /* ContentView.swift */,
				FBC3D6202AF02AAF0025E805 /* Assets.xcassets */,
				FBC3D6222AF02AAF0025E805 /* Preview Content */,
				FBC3D62A2AF030AD0025E805 /* Perfil.swift */,
				FBD2DEF52AF96F9F00C16C43 /* Sheetview.swift */,
				FBD2DEF72AF974A300C16C43 /* ImagemModel.swift */,
			);
			path = NossoApp;
			sourceTree = "<group>";
		};
		FBC3D6222AF02AAF0025E805 /* Preview Content */ = {
			isa = PBXGroup;
			children = (
				FBC3D6232AF02AAF0025E805 /* Preview Assets.xcassets */,
			);
			path = "Preview Content";
			sourceTree = "<group>";
		};
/* End PBXGroup section */

/* Begin PBXNativeTarget section */
		FBC3D6182AF02AAE0025E805 /* NossoApp */ = {
			isa = PBXNativeTarget;
			buildConfigurationList = FBC3D6272AF02AAF0025E805 /* Build configuration list for PBXNativeTarget "NossoApp" */;
			buildPhases = (
				FBC3D6152AF02AAE0025E805 /* Sources */,
				FBC3D6162AF02AAE0025E805 /* Frameworks */,
				FBC3D6172AF02AAE0025E805 /* Resources */,
			);
			buildRules = (
			);
			dependencies = (
			);
			name = NossoApp;
			productName = NossoApp;
			productReference = FBC3D6192AF02AAE0025E805 /* NossoApp.app */;
			productType = "com.apple.product-type.application";
		};
/* End PBXNativeTarget section */

/* Begin PBXProject section */
		FBC3D6112AF02AAE0025E805 /* Project object */ = {
			isa = PBXProject;
			attributes = {
				BuildIndependentTargetsInParallel = 1;
				LastSwiftUpdateCheck = 1420;
				LastUpgradeCheck = 1420;
				TargetAttributes = {
					FBC3D6182AF02AAE0025E805 = {
						CreatedOnToolsVersion = 14.2;
					};
				};
			};
			buildConfigurationList = FBC3D6142AF02AAE0025E805 /* Build configuration list for PBXProject "NossoApp" */;
			compatibilityVersion = "Xcode 14.0";
			developmentRegion = en;
			hasScannedForEncodings = 0;
			knownRegions = (
				en,
				Base,
			);
			mainGroup = FBC3D6102AF02AAE0025E805;
			productRefGroup = FBC3D61A2AF02AAE0025E805 /* Products */;
			projectDirPath = "";
			projectRoot = "";
			targets = (
				FBC3D6182AF02AAE0025E805 /* NossoApp */,
			);
		};
/* End PBXProject section */

/* Begin PBXResourcesBuildPhase section */
		FBC3D6172AF02AAE0025E805 /* Resources */ = {
			isa = PBXResourcesBuildPhase;
			buildActionMask = 2147483647;
			files = (
				FBC3D6242AF02AAF0025E805 /* Preview Assets.xcassets in Resources */,
				FBC3D6212AF02AAF0025E805 /* Assets.xcassets in Resources */,
			);
			runOnlyForDeploymentPostprocessing = 0;
		};
/* End PBXResourcesBuildPhase section */

/* Begin PBXSourcesBuildPhase section */
		FBC3D6152AF02AAE0025E805 /* Sources */ = {
			isa = PBXSourcesBuildPhase;
			buildActionMask = 2147483647;
			files = (
				FBC3D62B2AF030AD0025E805 /* Perfil.swift in Sources */,
				FBC3D61F2AF02AAE0025E805 /* ContentView.swift in Sources */,
				FBD2DEFA2AF97B8500C16C43 /* Global.swift in Sources */,
				FBD2DEF82AF974A300C16C43 /* ImagemModel.swift in Sources */,
				FBD2DEF62AF96F9F00C16C43 /* Sheetview.swift in Sources */,
				FBC3D61D2AF02AAE0025E805 /* NossoAppApp.swift in Sources */,
			);
			runOnlyForDeploymentPostprocessing = 0;
		};
/* End PBXSourcesBuildPhase section */

/* Begin XCBuildConfiguration section */
		FBC3D6252AF02AAF0025E805 /* Debug */ = {
			isa = XCBuildConfiguration;
			buildSettings = {
				ALWAYS_SEARCH_USER_PATHS = NO;
				CLANG_ANALYZER_NONNULL = YES;
				CLANG_ANALYZER_NUMBER_OBJECT_CONVERSION = YES_AGGRESSIVE;
				CLANG_CXX_LANGUAGE_STANDARD = "gnu++20";
				CLANG_ENABLE_MODULES = YES;
				CLANG_ENABLE_OBJC_ARC = YES;
				CLANG_ENABLE_OBJC_WEAK = YES;
				CLANG_WARN_BLOCK_CAPTURE_AUTORELEASING = YES;
				CLANG_WARN_BOOL_CONVERSION = YES;
				CLANG_WARN_COMMA = YES;
				CLANG_WARN_CONSTANT_CONVERSION = YES;
				CLANG_WARN_DEPRECATED_OBJC_IMPLEMENTATIONS = YES;
				CLANG_WARN_DIRECT_OBJC_ISA_USAGE = YES_ERROR;
				CLANG_WARN_DOCUMENTATION_COMMENTS = YES;
				CLANG_WARN_EMPTY_BODY = YES;
				CLANG_WARN_ENUM_CONVERSION = YES;
				CLANG_WARN_INFINITE_RECURSION = YES;
				CLANG_WARN_INT_CONVERSION = YES;
				CLANG_WARN_NON_LITERAL_NULL_CONVERSION = YES;
				CLANG_WARN_OBJC_IMPLICIT_RETAIN_SELF = YES;
				CLANG_WARN_OBJC_LITERAL_CONVERSION = YES;
				CLANG_WARN_OBJC_ROOT_CLASS = YES_ERROR;
				CLANG_WARN_QUOTED_INCLUDE_IN_FRAMEWORK_HEADER = YES;
				CLANG_WARN_RANGE_LOOP_ANALYSIS = YES;
				CLANG_WARN_STRICT_PROTOTYPES = YES;
				CLANG_WARN_SUSPICIOUS_MOVE = YES;
				CLANG_WARN_UNGUARDED_AVAILABILITY = YES_AGGRESSIVE;
				CLANG_WARN_UNREACHABLE_CODE = YES;
				CLANG_WARN__DUPLICATE_METHOD_MATCH = YES;
				COPY_PHASE_STRIP = NO;
				DEBUG_INFORMATION_FORMAT = dwarf;
				ENABLE_STRICT_OBJC_MSGSEND = YES;
				ENABLE_TESTABILITY = YES;
				GCC_C_LANGUAGE_STANDARD = gnu11;
				GCC_DYNAMIC_NO_PIC = NO;
				GCC_NO_COMMON_BLOCKS = YES;
				GCC_OPTIMIZATION_LEVEL = 0;
				GCC_PREPROCESSOR_DEFINITIONS = (
					"DEBUG=1",
					"$(inherited)",
				);
				GCC_WARN_64_TO_32_BIT_CONVERSION = YES;
				GCC_WARN_ABOUT_RETURN_TYPE = YES_ERROR;
				GCC_WARN_UNDECLARED_SELECTOR = YES;
				GCC_WARN_UNINITIALIZED_AUTOS = YES_AGGRESSIVE;
				GCC_WARN_UNUSED_FUNCTION = YES;
				GCC_WARN_UNUSED_VARIABLE = YES;
				IPHONEOS_DEPLOYMENT_TARGET = 16.2;
				MTL_ENABLE_DEBUG_INFO = INCLUDE_SOURCE;
				MTL_FAST_MATH = YES;
				ONLY_ACTIVE_ARCH = YES;
				SDKROOT = iphoneos;
				SWIFT_ACTIVE_COMPILATION_CONDITIONS = DEBUG;
				SWIFT_OPTIMIZATION_LEVEL = "-Onone";
			};
			name = Debug;
		};
		FBC3D6262AF02AAF0025E805 /* Release */ = {
			isa = XCBuildConfiguration;
			buildSettings = {
				ALWAYS_SEARCH_USER_PATHS = NO;
				CLANG_ANALYZER_NONNULL = YES;
				CLANG_ANALYZER_NUMBER_OBJECT_CONVERSION = YES_AGGRESSIVE;
				CLANG_CXX_LANGUAGE_STANDARD = "gnu++20";
				CLANG_ENABLE_MODULES = YES;
				CLANG_ENABLE_OBJC_ARC = YES;
				CLANG_ENABLE_OBJC_WEAK = YES;
				CLANG_WARN_BLOCK_CAPTURE_AUTORELEASING = YES;
				CLANG_WARN_BOOL_CONVERSION = YES;
				CLANG_WARN_COMMA = YES;
				CLANG_WARN_CONSTANT_CONVERSION = YES;
				CLANG_WARN_DEPRECATED_OBJC_IMPLEMENTATIONS = YES;
				CLANG_WARN_DIRECT_OBJC_ISA_USAGE = YES_ERROR;
				CLANG_WARN_DOCUMENTATION_COMMENTS = YES;
				CLANG_WARN_EMPTY_BODY = YES;
				CLANG_WARN_ENUM_CONVERSION = YES;
				CLANG_WARN_INFINITE_RECURSION = YES;
				CLANG_WARN_INT_CONVERSION = YES;
				CLANG_WARN_NON_LITERAL_NULL_CONVERSION = YES;
				CLANG_WARN_OBJC_IMPLICIT_RETAIN_SELF = YES;
				CLANG_WARN_OBJC_LITERAL_CONVERSION = YES;
				CLANG_WARN_OBJC_ROOT_CLASS = YES_ERROR;
				CLANG_WARN_QUOTED_INCLUDE_IN_FRAMEWORK_HEADER = YES;
				CLANG_WARN_RANGE_LOOP_ANALYSIS = YES;
				CLANG_WARN_STRICT_PROTOTYPES = YES;
				CLANG_WARN_SUSPICIOUS_MOVE = YES;
				CLANG_WARN_UNGUARDED_AVAILABILITY = YES_AGGRESSIVE;
				CLANG_WARN_UNREACHABLE_CODE = YES;
				CLANG_WARN__DUPLICATE_METHOD_MATCH = YES;
				COPY_PHASE_STRIP = NO;
				DEBUG_INFORMATION_FORMAT = "dwarf-with-dsym";
				ENABLE_NS_ASSERTIONS = NO;
				ENABLE_STRICT_OBJC_MSGSEND = YES;
				GCC_C_LANGUAGE_STANDARD = gnu11;
				GCC_NO_COMMON_BLOCKS = YES;
				GCC_WARN_64_TO_32_BIT_CONVERSION = YES;
				GCC_WARN_ABOUT_RETURN_TYPE = YES_ERROR;
				GCC_WARN_UNDECLARED_SELECTOR = YES;
				GCC_WARN_UNINITIALIZED_AUTOS = YES_AGGRESSIVE;
				GCC_WARN_UNUSED_FUNCTION = YES;
				GCC_WARN_UNUSED_VARIABLE = YES;
				IPHONEOS_DEPLOYMENT_TARGET = 16.2;
				MTL_ENABLE_DEBUG_INFO = NO;
				MTL_FAST_MATH = YES;
				SDKROOT = iphoneos;
				SWIFT_COMPILATION_MODE = wholemodule;
				SWIFT_OPTIMIZATION_LEVEL = "-O";
				VALIDATE_PRODUCT = YES;
			};
			name = Release;
		};
		FBC3D6282AF02AAF0025E805 /* Debug */ = {
			isa = XCBuildConfiguration;
			buildSettings = {
				ASSETCATALOG_COMPILER_APPICON_NAME = AppIcon;
				ASSETCATALOG_COMPILER_GLOBAL_ACCENT_COLOR_NAME = AccentColor;
				CODE_SIGN_STYLE = Automatic;
				CURRENT_PROJECT_VERSION = 1;
				DEVELOPMENT_ASSET_PATHS = "\"NossoApp/Preview Content\"";
				ENABLE_PREVIEWS = YES;
				GENERATE_INFOPLIST_FILE = YES;
				INFOPLIST_KEY_UIApplicationSceneManifest_Generation = YES;
				INFOPLIST_KEY_UIApplicationSupportsIndirectInputEvents = YES;
				INFOPLIST_KEY_UILaunchScreen_Generation = YES;
				INFOPLIST_KEY_UISupportedInterfaceOrientations_iPad = "UIInterfaceOrientationPortrait UIInterfaceOrientationPortraitUpsideDown UIInterfaceOrientationLandscapeLeft UIInterfaceOrientationLandscapeRight";
				INFOPLIST_KEY_UISupportedInterfaceOrientations_iPhone = "UIInterfaceOrientationPortrait UIInterfaceOrientationLandscapeLeft UIInterfaceOrientationLandscapeRight";
				LD_RUNPATH_SEARCH_PATHS = (
					"$(inherited)",
					"@executable_path/Frameworks",
				);
				MARKETING_VERSION = 1.0;
				PRODUCT_BUNDLE_IDENTIFIER = hack.NossoApp;
				PRODUCT_NAME = "$(TARGET_NAME)";
				SWIFT_EMIT_LOC_STRINGS = YES;
				SWIFT_VERSION = 5.0;
				TARGETED_DEVICE_FAMILY = "1,2";
			};
			name = Debug;
		};
		FBC3D6292AF02AAF0025E805 /* Release */ = {
			isa = XCBuildConfiguration;
			buildSettings = {
				ASSETCATALOG_COMPILER_APPICON_NAME = AppIcon;
				ASSETCATALOG_COMPILER_GLOBAL_ACCENT_COLOR_NAME = AccentColor;
				CODE_SIGN_STYLE = Automatic;
				CURRENT_PROJECT_VERSION = 1;
				DEVELOPMENT_ASSET_PATHS = "\"NossoApp/Preview Content\"";
				ENABLE_PREVIEWS = YES;
				GENERATE_INFOPLIST_FILE = YES;
				INFOPLIST_KEY_UIApplicationSceneManifest_Generation = YES;
				INFOPLIST_KEY_UIApplicationSupportsIndirectInputEvents = YES;
				INFOPLIST_KEY_UILaunchScreen_Generation = YES;
				INFOPLIST_KEY_UISupportedInterfaceOrientations_iPad = "UIInterfaceOrientationPortrait UIInterfaceOrientationPortraitUpsideDown UIInterfaceOrientationLandscapeLeft UIInterfaceOrientationLandscapeRight";
				INFOPLIST_KEY_UISupportedInterfaceOrientations_iPhone = "UIInterfaceOrientationPortrait UIInterfaceOrientationLandscapeLeft UIInterfaceOrientationLandscapeRight";
				LD_RUNPATH_SEARCH_PATHS = (
					"$(inherited)",
					"@executable_path/Frameworks",
				);
				MARKETING_VERSION = 1.0;
				PRODUCT_BUNDLE_IDENTIFIER = hack.NossoApp;
				PRODUCT_NAME = "$(TARGET_NAME)";
				SWIFT_EMIT_LOC_STRINGS = YES;
				SWIFT_VERSION = 5.0;
				TARGETED_DEVICE_FAMILY = "1,2";
			};
			name = Release;
		};
/* End XCBuildConfiguration section */

/* Begin XCConfigurationList section */
		FBC3D6142AF02AAE0025E805 /* Build configuration list for PBXProject "NossoApp" */ = {
			isa = XCConfigurationList;
			buildConfigurations = (
				FBC3D6252AF02AAF0025E805 /* Debug */,
				FBC3D6262AF02AAF0025E805 /* Release */,
			);
			defaultConfigurationIsVisible = 0;
			defaultConfigurationName = Release;
		};
		FBC3D6272AF02AAF0025E805 /* Build configuration list for PBXNativeTarget "NossoApp" */ = {
			isa = XCConfigurationList;
			buildConfigurations = (
				FBC3D6282AF02AAF0025E805 /* Debug */,
				FBC3D6292AF02AAF0025E805 /* Release */,
			);
			defaultConfigurationIsVisible = 0;
			defaultConfigurationName = Release;
		};
/* End XCConfigurationList section */
	};
	rootObject = FBC3D6112AF02AAE0025E805 /* Project object */;
}
